// !$*UTF8*$!
{
	archiveVersion = 1;
	classes = {
	};
	objectVersion = 50;
	objects = {

/* Begin PBXBuildFile section */
		CE68CA78264261B800587CCC /* lab07App.swift in Sources */ = {isa = PBXBuildFile; fileRef = CE68CA77264261B800587CCC /* lab07App.swift */; };
		CE68CA7A264261B800587CCC /* ContentView.swift in Sources */ = {isa = PBXBuildFile; fileRef = CE68CA79264261B800587CCC /* ContentView.swift */; };
		CE68CA7C264261B900587CCC /* Assets.xcassets in Resources */ = {isa = PBXBuildFile; fileRef = CE68CA7B264261B900587CCC /* Assets.xcassets */; };
		CE68CA7F264261B900587CCC /* Preview Assets.xcassets in Resources */ = {isa = PBXBuildFile; fileRef = CE68CA7E264261B900587CCC /* Preview Assets.xcassets */; };
		CE68CA8926426C4000587CCC /* page1.swift in Sources */ = {isa = PBXBuildFile; fileRef = CE68CA8826426C4000587CCC /* page1.swift */; };
		CE68CA8B26426DC200587CCC /* page2.swift in Sources */ = {isa = PBXBuildFile; fileRef = CE68CA8A26426DC200587CCC /* page2.swift */; };
/* End PBXBuildFile section */

/* Begin PBXFileReference section */
		CE68CA74264261B800587CCC /* lab07.app */ = {isa = PBXFileReference; explicitFileType = wrapper.application; includeInIndex = 0; path = lab07.app; sourceTree = BUILT_PRODUCTS_DIR; };
		CE68CA77264261B800587CCC /* lab07App.swift */ = {isa = PBXFileReference; lastKnownFileType = sourcecode.swift; path = lab07App.swift; sourceTree = "<group>"; };
		CE68CA79264261B800587CCC /* ContentView.swift */ = {isa = PBXFileReference; lastKnownFileType = sourcecode.swift; path = ContentView.swift; sourceTree = "<group>"; };
		CE68CA7B264261B900587CCC /* Assets.xcassets */ = {isa = PBXFileReference; lastKnownFileType = folder.assetcatalog; path = Assets.xcassets; sourceTree = "<group>"; };
		CE68CA7E264261B900587CCC /* Preview Assets.xcassets */ = {isa = PBXFileReference; lastKnownFileType = folder.assetcatalog; path = "Preview Assets.xcassets"; sourceTree = "<group>"; };
		CE68CA80264261B900587CCC /* Info.plist */ = {isa = PBXFileReference; lastKnownFileType = text.plist.xml; path = Info.plist; sourceTree = "<group>"; };
		CE68CA8826426C4000587CCC /* page1.swift */ = {isa = PBXFileReference; lastKnownFileType = sourcecode.swift; path = page1.swift; sourceTree = "<group>"; };
		CE68CA8A26426DC200587CCC /* page2.swift */ = {isa = PBXFileReference; lastKnownFileType = sourcecode.swift; path = page2.swift; sourceTree = "<group>"; };
/* End PBXFileReference section */

/* Begin PBXFrameworksBuildPhase section */
		CE68CA71264261B700587CCC /* Frameworks */ = {
			isa = PBXFrameworksBuildPhase;
			buildActionMask = 2147483647;
			files = (
			);
			runOnlyForDeploymentPostprocessing = 0;
		};
/* End PBXFrameworksBuildPhase section */

/* Begin PBXGroup section */
		CE68CA6B264261B700587CCC = {
			isa = PBXGroup;
			children = (
				CE68CA76264261B800587CCC /* lab07 */,
				CE68CA75264261B800587CCC /* Products */,
			);
			sourceTree = "<group>";
		};
		CE68CA75264261B800587CCC /* Products */ = {
			isa = PBXGroup;
			children = (
				CE68CA74264261B800587CCC /* lab07.app */,
			);
			name = Products;
			sourceTree = "<group>";
		};
		CE68CA76264261B800587CCC /* lab07 */ = {
			isa = PBXGroup;
			children = (
				CE68CA77264261B800587CCC /* lab07App.swift */,
				CE68CA79264261B800587CCC /* ContentView.swift */,
				CE68CA7B264261B900587CCC /* Assets.xcassets */,
				CE68CA80264261B900587CCC /* Info.plist */,
				CE68CA7D264261B900587CCC /* Preview Content */,
				CE68CA8826426C4000587CCC /* page1.swift */,
				CE68CA8A26426DC200587CCC /* page2.swift */,
			);
			path = lab07;
			sourceTree = "<group>";
		};
		CE68CA7D264261B900587CCC /* Preview Content */ = {
			isa = PBXGroup;
			children = (
				CE68CA7E264261B900587CCC /* Preview Assets.xcassets */,
			);
			path = "Preview Content";
			sourceTree = "<group>";
		};
/* End PBXGroup section */

/* Begin PBXNativeTarget section */
		CE68CA73264261B700587CCC /* lab07 */ = {
			isa = PBXNativeTarget;
			buildConfigurationList = CE68CA83264261B900587CCC /* Build configuration list for PBXNativeTarget "lab07" */;
			buildPhases = (
				CE68CA70264261B700587CCC /* Sources */,
				CE68CA71264261B700587CCC /* Frameworks */,
				CE68CA72264261B700587CCC /* Resources */,
			);
			buildRules = (
			);
			dependencies = (
			);
			name = lab07;
			productName = lab07;
			productReference = CE68CA74264261B800587CCC /* lab07.app */;
			productType = "com.apple.product-type.application";
		};
/* End PBXNativeTarget section */

/* Begin PBXProject section */
		CE68CA6C264261B700587CCC /* Project object */ = {
			isa = PBXProject;
			attributes = {
				LastSwiftUpdateCheck = 1250;
				LastUpgradeCheck = 1250;
				TargetAttributes = {
					CE68CA73264261B700587CCC = {
						CreatedOnToolsVersion = 12.5;
					};
				};
			};
			buildConfigurationList = CE68CA6F264261B700587CCC /* Build configuration list for PBXProject "lab07" */;
			compatibilityVersion = "Xcode 9.3";
			developmentRegion = en;
			hasScannedForEncodings = 0;
			knownRegions = (
				en,
				Base,
			);
			mainGroup = CE68CA6B264261B700587CCC;
			productRefGroup = CE68CA75264261B800587CCC /* Products */;
			projectDirPath = "";
			projectRoot = "";
			targets = (
				CE68CA73264261B700587CCC /* lab07 */,
			);
		};
/* End PBXProject section */

/* Begin PBXResourcesBuildPhase section */
		CE68CA72264261B700587CCC /* Resources */ = {
			isa = PBXResourcesBuildPhase;
			buildActionMask = 2147483647;
			files = (
				CE68CA7F264261B900587CCC /* Preview Assets.xcassets in Resources */,
				CE68CA7C264261B900587CCC /* Assets.xcassets in Resources */,
			);
			runOnlyForDeploymentPostprocessing = 0;
		};
/* End PBXResourcesBuildPhase section */

/* Begin PBXSourcesBuildPhase section */
		CE68CA70264261B700587CCC /* Sources */ = {
			isa = PBXSourcesBuildPhase;
			buildActionMask = 2147483647;
			files = (
				CE68CA7A264261B800587CCC /* ContentView.swift in Sources */,
				CE68CA8B26426DC200587CCC /* page2.swift in Sources */,
				CE68CA78264261B800587CCC /* lab07App.swift in Sources */,
				CE68CA8926426C4000587CCC /* page1.swift in Sources */,
			);
			runOnlyForDeploymentPostprocessing = 0;
		};
/* End PBXSourcesBuildPhase section */

/* Begin XCBuildConfiguration section */
		CE68CA81264261B900587CCC /* Debug */ = {
			isa = XCBuildConfiguration;
			buildSettings = {
				ALWAYS_SEARCH_USER_PATHS = NO;
				CLANG_ANALYZER_NONNULL = YES;
				CLANG_ANALYZER_NUMBER_OBJECT_CONVERSION = YES_AGGRESSIVE;
				CLANG_CXX_LANGUAGE_STANDARD = "gnu++14";
				CLANG_CXX_LIBRARY = "libc++";
				CLANG_ENABLE_MODULES = YES;
				CLANG_ENABLE_OBJC_ARC = YES;
				CLANG_ENABLE_OBJC_WEAK = YES;
				CLANG_WARN_BLOCK_CAPTURE_AUTORELEASING = YES;
				CLANG_WARN_BOOL_CONVERSION = YES;
				CLANG_WARN_COMMA = YES;
				CLANG_WARN_CONSTANT_CONVERSION = YES;
				CLANG_WARN_DEPRECATED_OBJC_IMPLEMENTATIONS = YES;
				CLANG_WARN_DIRECT_OBJC_ISA_USAGE = YES_ERROR;
				CLANG_WARN_DOCUMENTATION_COMMENTS = YES;
				CLANG_WARN_EMPTY_BODY = YES;
				CLANG_WARN_ENUM_CONVERSION = YES;
				CLANG_WARN_INFINITE_RECURSION = YES;
				CLANG_WARN_INT_CONVERSION = YES;
				CLANG_WARN_NON_LITERAL_NULL_CONVERSION = YES;
				CLANG_WARN_OBJC_IMPLICIT_RETAIN_SELF = YES;
				CLANG_WARN_OBJC_LITERAL_CONVERSION = YES;
				CLANG_WARN_OBJC_ROOT_CLASS = YES_ERROR;
				CLANG_WARN_QUOTED_INCLUDE_IN_FRAMEWORK_HEADER = YES;
				CLANG_WARN_RANGE_LOOP_ANALYSIS = YES;
				CLANG_WARN_STRICT_PROTOTYPES = YES;
				CLANG_WARN_SUSPICIOUS_MOVE = YES;
				CLANG_WARN_UNGUARDED_AVAILABILITY = YES_AGGRESSIVE;
				CLANG_WARN_UNREACHABLE_CODE = YES;
				CLANG_WARN__DUPLICATE_METHOD_MATCH = YES;
				COPY_PHASE_STRIP = NO;
				DEBUG_INFORMATION_FORMAT = dwarf;
				ENABLE_STRICT_OBJC_MSGSEND = YES;
				ENABLE_TESTABILITY = YES;
				GCC_C_LANGUAGE_STANDARD = gnu11;
				GCC_DYNAMIC_NO_PIC = NO;
				GCC_NO_COMMON_BLOCKS = YES;
				GCC_OPTIMIZATION_LEVEL = 0;
				GCC_PREPROCESSOR_DEFINITIONS = (
					"DEBUG=1",
					"$(inherited)",
				);
				GCC_WARN_64_TO_32_BIT_CONVERSION = YES;
				GCC_WARN_ABOUT_RETURN_TYPE = YES_ERROR;
				GCC_WARN_UNDECLARED_SELECTOR = YES;
				GCC_WARN_UNINITIALIZED_AUTOS = YES_AGGRESSIVE;
				GCC_WARN_UNUSED_FUNCTION = YES;
				GCC_WARN_UNUSED_VARIABLE = YES;
				IPHONEOS_DEPLOYMENT_TARGET = 14.5;
				MTL_ENABLE_DEBUG_INFO = INCLUDE_SOURCE;
				MTL_FAST_MATH = YES;
				ONLY_ACTIVE_ARCH = YES;
				SDKROOT = iphoneos;
				SWIFT_ACTIVE_COMPILATION_CONDITIONS = DEBUG;
				SWIFT_OPTIMIZATION_LEVEL = "-Onone";
			};
			name = Debug;
		};
		CE68CA82264261B900587CCC /* Release */ = {
			isa = XCBuildConfiguration;
			buildSettings = {
				ALWAYS_SEARCH_USER_PATHS = NO;
				CLANG_ANALYZER_NONNULL = YES;
				CLANG_ANALYZER_NUMBER_OBJECT_CONVERSION = YES_AGGRESSIVE;
				CLANG_CXX_LANGUAGE_STANDARD = "gnu++14";
				CLANG_CXX_LIBRARY = "libc++";
				CLANG_ENABLE_MODULES = YES;
				CLANG_ENABLE_OBJC_ARC = YES;
				CLANG_ENABLE_OBJC_WEAK = YES;
				CLANG_WARN_BLOCK_CAPTURE_AUTORELEASING = YES;
				CLANG_WARN_BOOL_CONVERSION = YES;
				CLANG_WARN_COMMA = YES;
				CLANG_WARN_CONSTANT_CONVERSION = YES;
				CLANG_WARN_DEPRECATED_OBJC_IMPLEMENTATIONS = YES;
				CLANG_WARN_DIRECT_OBJC_ISA_USAGE = YES_ERROR;
				CLANG_WARN_DOCUMENTATION_COMMENTS = YES;
				CLANG_WARN_EMPTY_BODY = YES;
				CLANG_WARN_ENUM_CONVERSION = YES;
				CLANG_WARN_INFINITE_RECURSION = YES;
				CLANG_WARN_INT_CONVERSION = YES;
				CLANG_WARN_NON_LITERAL_NULL_CONVERSION = YES;
				CLANG_WARN_OBJC_IMPLICIT_RETAIN_SELF = YES;
				CLANG_WARN_OBJC_LITERAL_CONVERSION = YES;
				CLANG_WARN_OBJC_ROOT_CLASS = YES_ERROR;
				CLANG_WARN_QUOTED_INCLUDE_IN_FRAMEWORK_HEADER = YES;
				CLANG_WARN_RANGE_LOOP_ANALYSIS = YES;
				CLANG_WARN_STRICT_PROTOTYPES = YES;
				CLANG_WARN_SUSPICIOUS_MOVE = YES;
				CLANG_WARN_UNGUARDED_AVAILABILITY = YES_AGGRESSIVE;
				CLANG_WARN_UNREACHABLE_CODE = YES;
				CLANG_WARN__DUPLICATE_METHOD_MATCH = YES;
				COPY_PHASE_STRIP = NO;
				DEBUG_INFORMATION_FORMAT = "dwarf-with-dsym";
				ENABLE_NS_ASSERTIONS = NO;
				ENABLE_STRICT_OBJC_MSGSEND = YES;
				GCC_C_LANGUAGE_STANDARD = gnu11;
				GCC_NO_COMMON_BLOCKS = YES;
				GCC_WARN_64_TO_32_BIT_CONVERSION = YES;
				GCC_WARN_ABOUT_RETURN_TYPE = YES_ERROR;
				GCC_WARN_UNDECLARED_SELECTOR = YES;
				GCC_WARN_UNINITIALIZED_AUTOS = YES_AGGRESSIVE;
				GCC_WARN_UNUSED_FUNCTION = YES;
				GCC_WARN_UNUSED_VARIABLE = YES;
				IPHONEOS_DEPLOYMENT_TARGET = 14.5;
				MTL_ENABLE_DEBUG_INFO = NO;
				MTL_FAST_MATH = YES;
				SDKROOT = iphoneos;
				SWIFT_COMPILATION_MODE = wholemodule;
				SWIFT_OPTIMIZATION_LEVEL = "-O";
				VALIDATE_PRODUCT = YES;
			};
			name = Release;
		};
		CE68CA84264261B900587CCC /* Debug */ = {
			isa = XCBuildConfiguration;
			buildSettings = {
				ASSETCATALOG_COMPILER_APPICON_NAME = AppIcon;
				ASSETCATALOG_COMPILER_GLOBAL_ACCENT_COLOR_NAME = AccentColor;
				CODE_SIGN_STYLE = Automatic;
				DEVELOPMENT_ASSET_PATHS = "\"lab07/Preview Content\"";
				ENABLE_PREVIEWS = YES;
				INFOPLIST_FILE = lab07/Info.plist;
				IPHONEOS_DEPLOYMENT_TARGET = 14.0;
				LD_RUNPATH_SEARCH_PATHS = (
					"$(inherited)",
					"@executable_path/Frameworks",
				);
				PRODUCT_BUNDLE_IDENTIFIER = ISO111.lab07;
				PRODUCT_NAME = "$(TARGET_NAME)";
				SWIFT_VERSION = 5.0;
				TARGETED_DEVICE_FAMILY = "1,2";
			};
			name = Debug;
		};
		CE68CA85264261B900587CCC /* Release */ = {
			isa = XCBuildConfiguration;
			buildSettings = {
				ASSETCATALOG_COMPILER_APPICON_NAME = AppIcon;
				ASSETCATALOG_COMPILER_GLOBAL_ACCENT_COLOR_NAME = AccentColor;
				CODE_SIGN_STYLE = Automatic;
				DEVELOPMENT_ASSET_PATHS = "\"lab07/Preview Content\"";
				ENABLE_PREVIEWS = YES;
				INFOPLIST_FILE = lab07/Info.plist;
				IPHONEOS_DEPLOYMENT_TARGET = 14.0;
				LD_RUNPATH_SEARCH_PATHS = (
					"$(inherited)",
					"@executable_path/Frameworks",
				);
				PRODUCT_BUNDLE_IDENTIFIER = ISO111.lab07;
				PRODUCT_NAME = "$(TARGET_NAME)";
				SWIFT_VERSION = 5.0;
				TARGETED_DEVICE_FAMILY = "1,2";
			};
			name = Release;
		};
/* End XCBuildConfiguration section */

/* Begin XCConfigurationList section */
		CE68CA6F264261B700587CCC /* Build configuration list for PBXProject "lab07" */ = {
			isa = XCConfigurationList;
			buildConfigurations = (
				CE68CA81264261B900587CCC /* Debug */,
				CE68CA82264261B900587CCC /* Release */,
			);
			defaultConfigurationIsVisible = 0;
			defaultConfigurationName = Release;
		};
		CE68CA83264261B900587CCC /* Build configuration list for PBXNativeTarget "lab07" */ = {
			isa = XCConfigurationList;
			buildConfigurations = (
				CE68CA84264261B900587CCC /* Debug */,
				CE68CA85264261B900587CCC /* Release */,
			);
			defaultConfigurationIsVisible = 0;
			defaultConfigurationName = Release;
		};
/* End XCConfigurationList section */
	};
	rootObject = CE68CA6C264261B700587CCC /* Project object */;
}
